PODS:
  - MaterialControls (1.2.2)
  - SnapKit (0.22.0)

DEPENDENCIES:
  - MaterialControls (~> 1.2)
  - SnapKit (~> 0.22.0)

SPEC CHECKSUMS:
  MaterialControls: 1c6b29e78d3a13d8dd6a67ed31b6d26eb5de8f72
  SnapKit: 0dd2fd157330f1ea11fd84da13e6be8a7a22bae0

PODFILE CHECKSUM: 43a0a9f6880bb76030ca73f4ad14d7d4a0f1d9a2

COCOAPODS: 1.1.1
